
Microsoft Visual Studio Solution File, Format Version 12.00
# Visual Studio Version 16
VisualStudioVersion = 16.0.30204.135
MinimumVisualStudioVersion = 10.0.40219.1
Project("{FAE04EC0-301F-11D3-BF4B-00C04F79EFBC}") = "SchoolCodingThingIDKwhatItsCalled", "SchoolCodingThingIDKwhatItsCalled.csproj", "{396C983A-A71D-4E5B-A273-9EA66838B92B}"
EndProject
Global
	GlobalSection(SolutionConfigurationPlatforms) = preSolution
		Debug|Any CPU = Debug|Any CPU
		Release|Any CPU = Release|Any CPU
	EndGlobalSection
	GlobalSection(ProjectConfigurationPlatforms) = postSolution
		{396C983A-A71D-4E5B-A273-9EA66838B92B}.Debug|Any CPU.ActiveCfg = Debug|Any CPU
		{396C983A-A71D-4E5B-A273-9EA66838B92B}.Debug|Any CPU.Build.0 = Debug|Any CPU
		{396C983A-A71D-4E5B-A273-9EA66838B92B}.Release|Any CPU.ActiveCfg = Release|Any CPU
		{396C983A-A71D-4E5B-A273-9EA66838B92B}.Release|Any CPU.Build.0 = Release|Any CPU
	EndGlobalSection
	GlobalSection(SolutionProperties) = preSolution
		HideSolutionNode = FALSE
	EndGlobalSection
	GlobalSection(ExtensibilityGlobals) = postSolution
		SolutionGuid = {5F4A03F6-62BC-48D5-92EA-DE073F61ECBC}
	EndGlobalSection
EndGlobal
